
Microsoft Visual Studio Solution File, Format Version 12.00
# Visual Studio Version 16
VisualStudioVersion = 16.0.31112.23
MinimumVisualStudioVersion = 10.0.40219.1
Project("{2150E333-8FDC-42A3-9474-1A3956D46DE8}") = "SolutionItems", "SolutionItems", "{A104CFD7-8F2E-45FB-89D8-02BC0D6B5DCD}"
	ProjectSection(SolutionItems) = preProject
		.gitignore = .gitignore
		CODEOWNERS = CODEOWNERS
		LICENSE = LICENSE
		README.md = README.md
	EndProjectSection
EndProject
Project("{2150E333-8FDC-42A3-9474-1A3956D46DE8}") = "Core", "Core", "{54E69C51-CFC5-4668-BE72-425EED6E679F}"
EndProject
Project("{2150E333-8FDC-42A3-9474-1A3956D46DE8}") = "FNA", "FNA", "{7ECCDD6B-0BD9-4B23-91DF-C677D87ED004}"
EndProject
Project("{2150E333-8FDC-42A3-9474-1A3956D46DE8}") = "Monogame", "Monogame", "{029A39A4-E4C3-4B30-9B94-341D5EE04F8D}"
EndProject
Project("{9A19103F-16F7-4668-BE54-9A1E7A4F7556}") = "Velentr.Audio", "Velentr.Audio\Velentr.Audio.csproj", "{15B82E7D-A310-4A1B-8382-62B7BA85654F}"
EndProject
Project("{9A19103F-16F7-4668-BE54-9A1E7A4F7556}") = "Velentr.Audio.DevEnv", "Velentr.Audio.DevEnv\Velentr.Audio.DevEnv.csproj", "{6F3DDB4F-DF08-42B8-9926-27E59C6AA7E1}"
EndProject
Project("{9A19103F-16F7-4668-BE54-9A1E7A4F7556}") = "Velentr.Audio.FNA", "Velentr.Audio.FNA\Velentr.Audio.FNA.csproj", "{EA253E8E-70DB-4AAC-8D75-51213FC73AEA}"
EndProject
Project("{9A19103F-16F7-4668-BE54-9A1E7A4F7556}") = "Velentr.Audio.FNA.DevEnv", "Velentr.Audio.FNA.DevEnv\Velentr.Audio.FNA.DevEnv.csproj", "{042A170B-A964-4B0E-BEE7-A1F638FE9A36}"
EndProject
Project("{9A19103F-16F7-4668-BE54-9A1E7A4F7556}") = "Velentr.Audio.Monogame", "Velentr.Audio.Monogame\Velentr.Audio.Monogame.csproj", "{8EDEFB78-6A82-4DDF-B919-87F7E590C228}"
EndProject
Project("{9A19103F-16F7-4668-BE54-9A1E7A4F7556}") = "Velentr.Audio.Monogame.DevEnv", "Velentr.Audio.Monogame.DevEnv\Velentr.Audio.Monogame.DevEnv.csproj", "{9414E10E-1B67-42FA-9036-0E126B2F696D}"
EndProject
Project("{FAE04EC0-301F-11D3-BF4B-00C04F79EFBC}") = "FNA", "FNA\FNA.csproj", "{35253CE1-C864-4CD3-8249-4D1319748E8F}"
EndProject
Global
	GlobalSection(SolutionConfigurationPlatforms) = preSolution
		Debug|Any CPU = Debug|Any CPU
		Debug|x64 = Debug|x64
		Debug|x86 = Debug|x86
		Release|Any CPU = Release|Any CPU
		Release|x64 = Release|x64
		Release|x86 = Release|x86
	EndGlobalSection
	GlobalSection(ProjectConfigurationPlatforms) = postSolution
		{15B82E7D-A310-4A1B-8382-62B7BA85654F}.Debug|Any CPU.ActiveCfg = Debug|Any CPU
		{15B82E7D-A310-4A1B-8382-62B7BA85654F}.Debug|Any CPU.Build.0 = Debug|Any CPU
		{15B82E7D-A310-4A1B-8382-62B7BA85654F}.Debug|x64.ActiveCfg = Debug|Any CPU
		{15B82E7D-A310-4A1B-8382-62B7BA85654F}.Debug|x64.Build.0 = Debug|Any CPU
		{15B82E7D-A310-4A1B-8382-62B7BA85654F}.Debug|x86.ActiveCfg = Debug|Any CPU
		{15B82E7D-A310-4A1B-8382-62B7BA85654F}.Debug|x86.Build.0 = Debug|Any CPU
		{15B82E7D-A310-4A1B-8382-62B7BA85654F}.Release|Any CPU.ActiveCfg = Release|Any CPU
		{15B82E7D-A310-4A1B-8382-62B7BA85654F}.Release|Any CPU.Build.0 = Release|Any CPU
		{15B82E7D-A310-4A1B-8382-62B7BA85654F}.Release|x64.ActiveCfg = Release|Any CPU
		{15B82E7D-A310-4A1B-8382-62B7BA85654F}.Release|x64.Build.0 = Release|Any CPU
		{15B82E7D-A310-4A1B-8382-62B7BA85654F}.Release|x86.ActiveCfg = Release|Any CPU
		{15B82E7D-A310-4A1B-8382-62B7BA85654F}.Release|x86.Build.0 = Release|Any CPU
		{6F3DDB4F-DF08-42B8-9926-27E59C6AA7E1}.Debug|Any CPU.ActiveCfg = Debug|Any CPU
		{6F3DDB4F-DF08-42B8-9926-27E59C6AA7E1}.Debug|Any CPU.Build.0 = Debug|Any CPU
		{6F3DDB4F-DF08-42B8-9926-27E59C6AA7E1}.Debug|x64.ActiveCfg = Debug|Any CPU
		{6F3DDB4F-DF08-42B8-9926-27E59C6AA7E1}.Debug|x64.Build.0 = Debug|Any CPU
		{6F3DDB4F-DF08-42B8-9926-27E59C6AA7E1}.Debug|x86.ActiveCfg = Debug|Any CPU
		{6F3DDB4F-DF08-42B8-9926-27E59C6AA7E1}.Debug|x86.Build.0 = Debug|Any CPU
		{6F3DDB4F-DF08-42B8-9926-27E59C6AA7E1}.Release|Any CPU.ActiveCfg = Release|Any CPU
		{6F3DDB4F-DF08-42B8-9926-27E59C6AA7E1}.Release|Any CPU.Build.0 = Release|Any CPU
		{6F3DDB4F-DF08-42B8-9926-27E59C6AA7E1}.Release|x64.ActiveCfg = Release|Any CPU
		{6F3DDB4F-DF08-42B8-9926-27E59C6AA7E1}.Release|x64.Build.0 = Release|Any CPU
		{6F3DDB4F-DF08-42B8-9926-27E59C6AA7E1}.Release|x86.ActiveCfg = Release|Any CPU
		{6F3DDB4F-DF08-42B8-9926-27E59C6AA7E1}.Release|x86.Build.0 = Release|Any CPU
		{EA253E8E-70DB-4AAC-8D75-51213FC73AEA}.Debug|Any CPU.ActiveCfg = Debug|Any CPU
		{EA253E8E-70DB-4AAC-8D75-51213FC73AEA}.Debug|Any CPU.Build.0 = Debug|Any CPU
		{EA253E8E-70DB-4AAC-8D75-51213FC73AEA}.Debug|x64.ActiveCfg = Debug|Any CPU
		{EA253E8E-70DB-4AAC-8D75-51213FC73AEA}.Debug|x64.Build.0 = Debug|Any CPU
		{EA253E8E-70DB-4AAC-8D75-51213FC73AEA}.Debug|x86.ActiveCfg = Debug|Any CPU
		{EA253E8E-70DB-4AAC-8D75-51213FC73AEA}.Debug|x86.Build.0 = Debug|Any CPU
		{EA253E8E-70DB-4AAC-8D75-51213FC73AEA}.Release|Any CPU.ActiveCfg = Release|Any CPU
		{EA253E8E-70DB-4AAC-8D75-51213FC73AEA}.Release|Any CPU.Build.0 = Release|Any CPU
		{EA253E8E-70DB-4AAC-8D75-51213FC73AEA}.Release|x64.ActiveCfg = Release|Any CPU
		{EA253E8E-70DB-4AAC-8D75-51213FC73AEA}.Release|x64.Build.0 = Release|Any CPU
		{EA253E8E-70DB-4AAC-8D75-51213FC73AEA}.Release|x86.ActiveCfg = Release|Any CPU
		{EA253E8E-70DB-4AAC-8D75-51213FC73AEA}.Release|x86.Build.0 = Release|Any CPU
		{042A170B-A964-4B0E-BEE7-A1F638FE9A36}.Debug|Any CPU.ActiveCfg = Debug|Any CPU
		{042A170B-A964-4B0E-BEE7-A1F638FE9A36}.Debug|Any CPU.Build.0 = Debug|Any CPU
		{042A170B-A964-4B0E-BEE7-A1F638FE9A36}.Debug|x64.ActiveCfg = Debug|x64
		{042A170B-A964-4B0E-BEE7-A1F638FE9A36}.Debug|x64.Build.0 = Debug|x64
		{042A170B-A964-4B0E-BEE7-A1F638FE9A36}.Debug|x86.ActiveCfg = Debug|x86
		{042A170B-A964-4B0E-BEE7-A1F638FE9A36}.Debug|x86.Build.0 = Debug|x86
		{042A170B-A964-4B0E-BEE7-A1F638FE9A36}.Release|Any CPU.ActiveCfg = Release|Any CPU
		{042A170B-A964-4B0E-BEE7-A1F638FE9A36}.Release|Any CPU.Build.0 = Release|Any CPU
		{042A170B-A964-4B0E-BEE7-A1F638FE9A36}.Release|x64.ActiveCfg = Release|x64
		{042A170B-A964-4B0E-BEE7-A1F638FE9A36}.Release|x64.Build.0 = Release|x64
		{042A170B-A964-4B0E-BEE7-A1F638FE9A36}.Release|x86.ActiveCfg = Release|x86
		{042A170B-A964-4B0E-BEE7-A1F638FE9A36}.Release|x86.Build.0 = Release|x86
		{8EDEFB78-6A82-4DDF-B919-87F7E590C228}.Debug|Any CPU.ActiveCfg = Debug|Any CPU
		{8EDEFB78-6A82-4DDF-B919-87F7E590C228}.Debug|Any CPU.Build.0 = Debug|Any CPU
		{8EDEFB78-6A82-4DDF-B919-87F7E590C228}.Debug|x64.ActiveCfg = Debug|Any CPU
		{8EDEFB78-6A82-4DDF-B919-87F7E590C228}.Debug|x64.Build.0 = Debug|Any CPU
		{8EDEFB78-6A82-4DDF-B919-87F7E590C228}.Debug|x86.ActiveCfg = Debug|Any CPU
		{8EDEFB78-6A82-4DDF-B919-87F7E590C228}.Debug|x86.Build.0 = Debug|Any CPU
		{8EDEFB78-6A82-4DDF-B919-87F7E590C228}.Release|Any CPU.ActiveCfg = Release|Any CPU
		{8EDEFB78-6A82-4DDF-B919-87F7E590C228}.Release|Any CPU.Build.0 = Release|Any CPU
		{8EDEFB78-6A82-4DDF-B919-87F7E590C228}.Release|x64.ActiveCfg = Release|Any CPU
		{8EDEFB78-6A82-4DDF-B919-87F7E590C228}.Release|x64.Build.0 = Release|Any CPU
		{8EDEFB78-6A82-4DDF-B919-87F7E590C228}.Release|x86.ActiveCfg = Release|Any CPU
		{8EDEFB78-6A82-4DDF-B919-87F7E590C228}.Release|x86.Build.0 = Release|Any CPU
		{9414E10E-1B67-42FA-9036-0E126B2F696D}.Debug|Any CPU.ActiveCfg = Debug|Any CPU
		{9414E10E-1B67-42FA-9036-0E126B2F696D}.Debug|Any CPU.Build.0 = Debug|Any CPU
		{9414E10E-1B67-42FA-9036-0E126B2F696D}.Debug|x64.ActiveCfg = Debug|Any CPU
		{9414E10E-1B67-42FA-9036-0E126B2F696D}.Debug|x64.Build.0 = Debug|Any CPU
		{9414E10E-1B67-42FA-9036-0E126B2F696D}.Debug|x86.ActiveCfg = Debug|Any CPU
		{9414E10E-1B67-42FA-9036-0E126B2F696D}.Debug|x86.Build.0 = Debug|Any CPU
		{9414E10E-1B67-42FA-9036-0E126B2F696D}.Release|Any CPU.ActiveCfg = Release|Any CPU
		{9414E10E-1B67-42FA-9036-0E126B2F696D}.Release|Any CPU.Build.0 = Release|Any CPU
		{9414E10E-1B67-42FA-9036-0E126B2F696D}.Release|x64.ActiveCfg = Release|Any CPU
		{9414E10E-1B67-42FA-9036-0E126B2F696D}.Release|x64.Build.0 = Release|Any CPU
		{9414E10E-1B67-42FA-9036-0E126B2F696D}.Release|x86.ActiveCfg = Release|Any CPU
		{9414E10E-1B67-42FA-9036-0E126B2F696D}.Release|x86.Build.0 = Release|Any CPU
		{35253CE1-C864-4CD3-8249-4D1319748E8F}.Debug|Any CPU.ActiveCfg = Debug|Any CPU
		{35253CE1-C864-4CD3-8249-4D1319748E8F}.Debug|Any CPU.Build.0 = Debug|Any CPU
		{35253CE1-C864-4CD3-8249-4D1319748E8F}.Debug|x64.ActiveCfg = Debug|x64
		{35253CE1-C864-4CD3-8249-4D1319748E8F}.Debug|x64.Build.0 = Debug|x64
		{35253CE1-C864-4CD3-8249-4D1319748E8F}.Debug|x86.ActiveCfg = Debug|x86
		{35253CE1-C864-4CD3-8249-4D1319748E8F}.Debug|x86.Build.0 = Debug|x86
		{35253CE1-C864-4CD3-8249-4D1319748E8F}.Release|Any CPU.ActiveCfg = Release|Any CPU
		{35253CE1-C864-4CD3-8249-4D1319748E8F}.Release|Any CPU.Build.0 = Release|Any CPU
		{35253CE1-C864-4CD3-8249-4D1319748E8F}.Release|x64.ActiveCfg = Release|x64
		{35253CE1-C864-4CD3-8249-4D1319748E8F}.Release|x64.Build.0 = Release|x64
		{35253CE1-C864-4CD3-8249-4D1319748E8F}.Release|x86.ActiveCfg = Release|x86
		{35253CE1-C864-4CD3-8249-4D1319748E8F}.Release|x86.Build.0 = Release|x86
	EndGlobalSection
	GlobalSection(SolutionProperties) = preSolution
		HideSolutionNode = FALSE
	EndGlobalSection
	GlobalSection(NestedProjects) = preSolution
		{15B82E7D-A310-4A1B-8382-62B7BA85654F} = {54E69C51-CFC5-4668-BE72-425EED6E679F}
		{6F3DDB4F-DF08-42B8-9926-27E59C6AA7E1} = {54E69C51-CFC5-4668-BE72-425EED6E679F}
		{EA253E8E-70DB-4AAC-8D75-51213FC73AEA} = {7ECCDD6B-0BD9-4B23-91DF-C677D87ED004}
		{042A170B-A964-4B0E-BEE7-A1F638FE9A36} = {7ECCDD6B-0BD9-4B23-91DF-C677D87ED004}
		{8EDEFB78-6A82-4DDF-B919-87F7E590C228} = {029A39A4-E4C3-4B30-9B94-341D5EE04F8D}
		{9414E10E-1B67-42FA-9036-0E126B2F696D} = {029A39A4-E4C3-4B30-9B94-341D5EE04F8D}
		{35253CE1-C864-4CD3-8249-4D1319748E8F} = {7ECCDD6B-0BD9-4B23-91DF-C677D87ED004}
	EndGlobalSection
	GlobalSection(ExtensibilityGlobals) = postSolution
		SolutionGuid = {5EF08031-0858-4824-88B8-11B63A46B77C}
	EndGlobalSection
EndGlobal
