
Microsoft Visual Studio Solution File, Format Version 12.00
# Visual Studio Version 16
VisualStudioVersion = 16.0.31112.23
MinimumVisualStudioVersion = 10.0.40219.1
Project("{2150E333-8FDC-42A3-9474-1A3956D46DE8}") = "SolutionItems", "SolutionItems", "{A104CFD7-8F2E-45FB-89D8-02BC0D6B5DCD}"
	ProjectSection(SolutionItems) = preProject
		.gitignore = .gitignore
		CODEOWNERS = CODEOWNERS
		LICENSE = LICENSE
		README.md = README.md
	EndProjectSection
EndProject
Project("{9A19103F-16F7-4668-BE54-9A1E7A4F7556}") = "Velentr.Audio", "Velentr.Audio\Velentr.Audio.csproj", "{67896DC8-04EA-4D0B-9A47-5D2501F63EA4}"
EndProject
Global
	GlobalSection(SolutionConfigurationPlatforms) = preSolution
		Debug|Any CPU = Debug|Any CPU
		Release|Any CPU = Release|Any CPU
	EndGlobalSection
	GlobalSection(ProjectConfigurationPlatforms) = postSolution
		{67896DC8-04EA-4D0B-9A47-5D2501F63EA4}.Debug|Any CPU.ActiveCfg = Debug|Any CPU
		{67896DC8-04EA-4D0B-9A47-5D2501F63EA4}.Debug|Any CPU.Build.0 = Debug|Any CPU
		{67896DC8-04EA-4D0B-9A47-5D2501F63EA4}.Release|Any CPU.ActiveCfg = Release|Any CPU
		{67896DC8-04EA-4D0B-9A47-5D2501F63EA4}.Release|Any CPU.Build.0 = Release|Any CPU
	EndGlobalSection
	GlobalSection(SolutionProperties) = preSolution
		HideSolutionNode = FALSE
	EndGlobalSection
	GlobalSection(ExtensibilityGlobals) = postSolution
		SolutionGuid = {5EF08031-0858-4824-88B8-11B63A46B77C}
	EndGlobalSection
EndGlobal
