
Microsoft Visual Studio Solution File, Format Version 12.00
# Visual Studio Version 16
VisualStudioVersion = 16.0.31112.23
MinimumVisualStudioVersion = 10.0.40219.1
Project("{2150E333-8FDC-42A3-9474-1A3956D46DE8}") = "SolutionItems", "SolutionItems", "{A104CFD7-8F2E-45FB-89D8-02BC0D6B5DCD}"
	ProjectSection(SolutionItems) = preProject
		.gitignore = .gitignore
		CODEOWNERS = CODEOWNERS
		LICENSE = LICENSE
		README.md = README.md
	EndProjectSection
EndProject
Project("{2150E333-8FDC-42A3-9474-1A3956D46DE8}") = "FNA", "FNA", "{F9C1519F-3F4E-4366-93E8-FB2CC1B11F6E}"
EndProject
Project("{2150E333-8FDC-42A3-9474-1A3956D46DE8}") = "Monogame", "Monogame", "{134E495A-0BB4-48DD-9260-51D796C59CCB}"
EndProject
Project("{9A19103F-16F7-4668-BE54-9A1E7A4F7556}") = "FNA.Core", "FNA\FNA.Core.csproj", "{154C438E-7A45-4D2F-B456-4A2064E6AA3A}"
EndProject
Project("{FAE04EC0-301F-11D3-BF4B-00C04F79EFBC}") = "FNA", "FNA\FNA.csproj", "{35253CE1-C864-4CD3-8249-4D1319748E8F}"
EndProject
Project("{9A19103F-16F7-4668-BE54-9A1E7A4F7556}") = "Velentr.Audio.FNA", "Implementations\FNA\Velentr.Audio.FNA\Velentr.Audio.FNA.csproj", "{CFFB5BCB-835D-4D10-AC8E-872417B839B2}"
EndProject
Project("{9A19103F-16F7-4668-BE54-9A1E7A4F7556}") = "Velentr.Audio.FNA.DevEnv", "Implementations\FNA\Velentr.Audio.FNA.DevEnv\Velentr.Audio.FNA.DevEnv.csproj", "{6CC6A429-CEDF-4EAF-95A4-62D036D56A2A}"
EndProject
Project("{2150E333-8FDC-42A3-9474-1A3956D46DE8}") = "Core", "Core", "{005ED9E2-686E-4C36-BD3E-5032893A6E8F}"
EndProject
Project("{9A19103F-16F7-4668-BE54-9A1E7A4F7556}") = "Velentr.Audio.Core", "Core\Velentr.Audio.Core\Velentr.Audio.Core.csproj", "{D232B882-ED14-4E41-90D4-1063E99ADDAF}"
EndProject
Project("{9A19103F-16F7-4668-BE54-9A1E7A4F7556}") = "Velentr.Audio.Core.DevEnv", "Core\Velentr.Audio.Core.DevEnv\Velentr.Audio.Core.DevEnv.csproj", "{185B3EF0-21AE-43B5-99DF-8FFF8838C9CF}"
EndProject
Project("{9A19103F-16F7-4668-BE54-9A1E7A4F7556}") = "Velentr.Audio.Monogame", "Implementations\Monogame\Velentr.Audio.Monogame\Velentr.Audio.Monogame.csproj", "{83C4BA20-6A58-4D2C-9433-23A208F3BF35}"
EndProject
Project("{9A19103F-16F7-4668-BE54-9A1E7A4F7556}") = "Velentr.Audio.Monogame.DevEnv", "Implementations\Monogame\Velentr.Audio.Monogame.DevEnv\Velentr.Audio.Monogame.DevEnv.csproj", "{089AB970-2908-407E-B7B1-ECF170883BD4}"
EndProject
Global
	GlobalSection(SolutionConfigurationPlatforms) = preSolution
		Debug|Any CPU = Debug|Any CPU
		Debug|x64 = Debug|x64
		Debug|x86 = Debug|x86
		Release|Any CPU = Release|Any CPU
		Release|x64 = Release|x64
		Release|x86 = Release|x86
	EndGlobalSection
	GlobalSection(ProjectConfigurationPlatforms) = postSolution
		{154C438E-7A45-4D2F-B456-4A2064E6AA3A}.Debug|Any CPU.ActiveCfg = Debug|x64
		{154C438E-7A45-4D2F-B456-4A2064E6AA3A}.Debug|x64.ActiveCfg = Debug|x64
		{154C438E-7A45-4D2F-B456-4A2064E6AA3A}.Debug|x64.Build.0 = Debug|x64
		{154C438E-7A45-4D2F-B456-4A2064E6AA3A}.Debug|x86.ActiveCfg = Debug|x64
		{154C438E-7A45-4D2F-B456-4A2064E6AA3A}.Release|Any CPU.ActiveCfg = Release|x64
		{154C438E-7A45-4D2F-B456-4A2064E6AA3A}.Release|x64.ActiveCfg = Release|x64
		{154C438E-7A45-4D2F-B456-4A2064E6AA3A}.Release|x64.Build.0 = Release|x64
		{154C438E-7A45-4D2F-B456-4A2064E6AA3A}.Release|x86.ActiveCfg = Release|x64
		{35253CE1-C864-4CD3-8249-4D1319748E8F}.Debug|Any CPU.ActiveCfg = Debug|Any CPU
		{35253CE1-C864-4CD3-8249-4D1319748E8F}.Debug|Any CPU.Build.0 = Debug|Any CPU
		{35253CE1-C864-4CD3-8249-4D1319748E8F}.Debug|x64.ActiveCfg = Debug|x64
		{35253CE1-C864-4CD3-8249-4D1319748E8F}.Debug|x64.Build.0 = Debug|x64
		{35253CE1-C864-4CD3-8249-4D1319748E8F}.Debug|x86.ActiveCfg = Debug|x86
		{35253CE1-C864-4CD3-8249-4D1319748E8F}.Debug|x86.Build.0 = Debug|x86
		{35253CE1-C864-4CD3-8249-4D1319748E8F}.Release|Any CPU.ActiveCfg = Release|Any CPU
		{35253CE1-C864-4CD3-8249-4D1319748E8F}.Release|Any CPU.Build.0 = Release|Any CPU
		{35253CE1-C864-4CD3-8249-4D1319748E8F}.Release|x64.ActiveCfg = Release|x64
		{35253CE1-C864-4CD3-8249-4D1319748E8F}.Release|x64.Build.0 = Release|x64
		{35253CE1-C864-4CD3-8249-4D1319748E8F}.Release|x86.ActiveCfg = Release|x86
		{35253CE1-C864-4CD3-8249-4D1319748E8F}.Release|x86.Build.0 = Release|x86
		{CFFB5BCB-835D-4D10-AC8E-872417B839B2}.Debug|Any CPU.ActiveCfg = Debug|Any CPU
		{CFFB5BCB-835D-4D10-AC8E-872417B839B2}.Debug|Any CPU.Build.0 = Debug|Any CPU
		{CFFB5BCB-835D-4D10-AC8E-872417B839B2}.Debug|x64.ActiveCfg = Debug|x64
		{CFFB5BCB-835D-4D10-AC8E-872417B839B2}.Debug|x64.Build.0 = Debug|x64
		{CFFB5BCB-835D-4D10-AC8E-872417B839B2}.Debug|x86.ActiveCfg = Debug|Any CPU
		{CFFB5BCB-835D-4D10-AC8E-872417B839B2}.Debug|x86.Build.0 = Debug|Any CPU
		{CFFB5BCB-835D-4D10-AC8E-872417B839B2}.Release|Any CPU.ActiveCfg = Release|Any CPU
		{CFFB5BCB-835D-4D10-AC8E-872417B839B2}.Release|Any CPU.Build.0 = Release|Any CPU
		{CFFB5BCB-835D-4D10-AC8E-872417B839B2}.Release|x64.ActiveCfg = Release|x64
		{CFFB5BCB-835D-4D10-AC8E-872417B839B2}.Release|x64.Build.0 = Release|x64
		{CFFB5BCB-835D-4D10-AC8E-872417B839B2}.Release|x86.ActiveCfg = Release|Any CPU
		{CFFB5BCB-835D-4D10-AC8E-872417B839B2}.Release|x86.Build.0 = Release|Any CPU
		{6CC6A429-CEDF-4EAF-95A4-62D036D56A2A}.Debug|Any CPU.ActiveCfg = Debug|Any CPU
		{6CC6A429-CEDF-4EAF-95A4-62D036D56A2A}.Debug|Any CPU.Build.0 = Debug|Any CPU
		{6CC6A429-CEDF-4EAF-95A4-62D036D56A2A}.Debug|x64.ActiveCfg = Debug|x64
		{6CC6A429-CEDF-4EAF-95A4-62D036D56A2A}.Debug|x64.Build.0 = Debug|x64
		{6CC6A429-CEDF-4EAF-95A4-62D036D56A2A}.Debug|x86.ActiveCfg = Debug|x86
		{6CC6A429-CEDF-4EAF-95A4-62D036D56A2A}.Debug|x86.Build.0 = Debug|x86
		{6CC6A429-CEDF-4EAF-95A4-62D036D56A2A}.Release|Any CPU.ActiveCfg = Release|Any CPU
		{6CC6A429-CEDF-4EAF-95A4-62D036D56A2A}.Release|Any CPU.Build.0 = Release|Any CPU
		{6CC6A429-CEDF-4EAF-95A4-62D036D56A2A}.Release|x64.ActiveCfg = Release|x64
		{6CC6A429-CEDF-4EAF-95A4-62D036D56A2A}.Release|x64.Build.0 = Release|x64
		{6CC6A429-CEDF-4EAF-95A4-62D036D56A2A}.Release|x86.ActiveCfg = Release|x86
		{6CC6A429-CEDF-4EAF-95A4-62D036D56A2A}.Release|x86.Build.0 = Release|x86
		{D232B882-ED14-4E41-90D4-1063E99ADDAF}.Debug|Any CPU.ActiveCfg = Debug|Any CPU
		{D232B882-ED14-4E41-90D4-1063E99ADDAF}.Debug|Any CPU.Build.0 = Debug|Any CPU
		{D232B882-ED14-4E41-90D4-1063E99ADDAF}.Debug|x64.ActiveCfg = Debug|Any CPU
		{D232B882-ED14-4E41-90D4-1063E99ADDAF}.Debug|x64.Build.0 = Debug|Any CPU
		{D232B882-ED14-4E41-90D4-1063E99ADDAF}.Debug|x86.ActiveCfg = Debug|Any CPU
		{D232B882-ED14-4E41-90D4-1063E99ADDAF}.Debug|x86.Build.0 = Debug|Any CPU
		{D232B882-ED14-4E41-90D4-1063E99ADDAF}.Release|Any CPU.ActiveCfg = Release|Any CPU
		{D232B882-ED14-4E41-90D4-1063E99ADDAF}.Release|Any CPU.Build.0 = Release|Any CPU
		{D232B882-ED14-4E41-90D4-1063E99ADDAF}.Release|x64.ActiveCfg = Release|Any CPU
		{D232B882-ED14-4E41-90D4-1063E99ADDAF}.Release|x64.Build.0 = Release|Any CPU
		{D232B882-ED14-4E41-90D4-1063E99ADDAF}.Release|x86.ActiveCfg = Release|Any CPU
		{D232B882-ED14-4E41-90D4-1063E99ADDAF}.Release|x86.Build.0 = Release|Any CPU
		{185B3EF0-21AE-43B5-99DF-8FFF8838C9CF}.Debug|Any CPU.ActiveCfg = Debug|Any CPU
		{185B3EF0-21AE-43B5-99DF-8FFF8838C9CF}.Debug|Any CPU.Build.0 = Debug|Any CPU
		{185B3EF0-21AE-43B5-99DF-8FFF8838C9CF}.Debug|x64.ActiveCfg = Debug|Any CPU
		{185B3EF0-21AE-43B5-99DF-8FFF8838C9CF}.Debug|x64.Build.0 = Debug|Any CPU
		{185B3EF0-21AE-43B5-99DF-8FFF8838C9CF}.Debug|x86.ActiveCfg = Debug|Any CPU
		{185B3EF0-21AE-43B5-99DF-8FFF8838C9CF}.Debug|x86.Build.0 = Debug|Any CPU
		{185B3EF0-21AE-43B5-99DF-8FFF8838C9CF}.Release|Any CPU.ActiveCfg = Release|Any CPU
		{185B3EF0-21AE-43B5-99DF-8FFF8838C9CF}.Release|Any CPU.Build.0 = Release|Any CPU
		{185B3EF0-21AE-43B5-99DF-8FFF8838C9CF}.Release|x64.ActiveCfg = Release|Any CPU
		{185B3EF0-21AE-43B5-99DF-8FFF8838C9CF}.Release|x64.Build.0 = Release|Any CPU
		{185B3EF0-21AE-43B5-99DF-8FFF8838C9CF}.Release|x86.ActiveCfg = Release|Any CPU
		{185B3EF0-21AE-43B5-99DF-8FFF8838C9CF}.Release|x86.Build.0 = Release|Any CPU
		{83C4BA20-6A58-4D2C-9433-23A208F3BF35}.Debug|Any CPU.ActiveCfg = Debug|Any CPU
		{83C4BA20-6A58-4D2C-9433-23A208F3BF35}.Debug|Any CPU.Build.0 = Debug|Any CPU
		{83C4BA20-6A58-4D2C-9433-23A208F3BF35}.Debug|x64.ActiveCfg = Debug|Any CPU
		{83C4BA20-6A58-4D2C-9433-23A208F3BF35}.Debug|x64.Build.0 = Debug|Any CPU
		{83C4BA20-6A58-4D2C-9433-23A208F3BF35}.Debug|x86.ActiveCfg = Debug|Any CPU
		{83C4BA20-6A58-4D2C-9433-23A208F3BF35}.Debug|x86.Build.0 = Debug|Any CPU
		{83C4BA20-6A58-4D2C-9433-23A208F3BF35}.Release|Any CPU.ActiveCfg = Release|Any CPU
		{83C4BA20-6A58-4D2C-9433-23A208F3BF35}.Release|Any CPU.Build.0 = Release|Any CPU
		{83C4BA20-6A58-4D2C-9433-23A208F3BF35}.Release|x64.ActiveCfg = Release|Any CPU
		{83C4BA20-6A58-4D2C-9433-23A208F3BF35}.Release|x64.Build.0 = Release|Any CPU
		{83C4BA20-6A58-4D2C-9433-23A208F3BF35}.Release|x86.ActiveCfg = Release|Any CPU
		{83C4BA20-6A58-4D2C-9433-23A208F3BF35}.Release|x86.Build.0 = Release|Any CPU
		{089AB970-2908-407E-B7B1-ECF170883BD4}.Debug|Any CPU.ActiveCfg = Debug|Any CPU
		{089AB970-2908-407E-B7B1-ECF170883BD4}.Debug|Any CPU.Build.0 = Debug|Any CPU
		{089AB970-2908-407E-B7B1-ECF170883BD4}.Debug|x64.ActiveCfg = Debug|Any CPU
		{089AB970-2908-407E-B7B1-ECF170883BD4}.Debug|x64.Build.0 = Debug|Any CPU
		{089AB970-2908-407E-B7B1-ECF170883BD4}.Debug|x86.ActiveCfg = Debug|Any CPU
		{089AB970-2908-407E-B7B1-ECF170883BD4}.Debug|x86.Build.0 = Debug|Any CPU
		{089AB970-2908-407E-B7B1-ECF170883BD4}.Release|Any CPU.ActiveCfg = Release|Any CPU
		{089AB970-2908-407E-B7B1-ECF170883BD4}.Release|Any CPU.Build.0 = Release|Any CPU
		{089AB970-2908-407E-B7B1-ECF170883BD4}.Release|x64.ActiveCfg = Release|Any CPU
		{089AB970-2908-407E-B7B1-ECF170883BD4}.Release|x64.Build.0 = Release|Any CPU
		{089AB970-2908-407E-B7B1-ECF170883BD4}.Release|x86.ActiveCfg = Release|Any CPU
		{089AB970-2908-407E-B7B1-ECF170883BD4}.Release|x86.Build.0 = Release|Any CPU
	EndGlobalSection
	GlobalSection(SolutionProperties) = preSolution
		HideSolutionNode = FALSE
	EndGlobalSection
	GlobalSection(NestedProjects) = preSolution
		{154C438E-7A45-4D2F-B456-4A2064E6AA3A} = {F9C1519F-3F4E-4366-93E8-FB2CC1B11F6E}
		{35253CE1-C864-4CD3-8249-4D1319748E8F} = {F9C1519F-3F4E-4366-93E8-FB2CC1B11F6E}
		{CFFB5BCB-835D-4D10-AC8E-872417B839B2} = {F9C1519F-3F4E-4366-93E8-FB2CC1B11F6E}
		{6CC6A429-CEDF-4EAF-95A4-62D036D56A2A} = {F9C1519F-3F4E-4366-93E8-FB2CC1B11F6E}
		{D232B882-ED14-4E41-90D4-1063E99ADDAF} = {005ED9E2-686E-4C36-BD3E-5032893A6E8F}
		{185B3EF0-21AE-43B5-99DF-8FFF8838C9CF} = {005ED9E2-686E-4C36-BD3E-5032893A6E8F}
		{83C4BA20-6A58-4D2C-9433-23A208F3BF35} = {134E495A-0BB4-48DD-9260-51D796C59CCB}
		{089AB970-2908-407E-B7B1-ECF170883BD4} = {134E495A-0BB4-48DD-9260-51D796C59CCB}
	EndGlobalSection
	GlobalSection(ExtensibilityGlobals) = postSolution
		SolutionGuid = {5EF08031-0858-4824-88B8-11B63A46B77C}
	EndGlobalSection
EndGlobal
